// !$*UTF8*$!
{
	archiveVersion = 1;
	classes = {
	};
	objectVersion = 51;
	objects = {

/* Begin PBXBuildFile section */
		53D4D1C92D91C1F9AB12C7E3 /* Pods_SchibstedTests.framework in Frameworks */ = {isa = PBXBuildFile; fileRef = BE425A4A5D2EE7B75F8C211E /* Pods_SchibstedTests.framework */; };
		E794FEBA871816EA751D476C /* Pods_Schibsted.framework in Frameworks */ = {isa = PBXBuildFile; fileRef = DA58250ED8E8F3703B150F0C /* Pods_Schibsted.framework */; };
		FAE443DE23BE17F20070A572 /* EventStatus.swift in Sources */ = {isa = PBXBuildFile; fileRef = FAE443DD23BE17F20070A572 /* EventStatus.swift */; };
		FAE443E123BE1A3E0070A572 /* Cancellable.swift in Sources */ = {isa = PBXBuildFile; fileRef = FAE443E023BE1A3E0070A572 /* Cancellable.swift */; };
		FAE443E323BE1A5B0070A572 /* Reachable.swift in Sources */ = {isa = PBXBuildFile; fileRef = FAE443E223BE1A5B0070A572 /* Reachable.swift */; };
		FAE443E523BE1BE40070A572 /* RestAPIBase.swift in Sources */ = {isa = PBXBuildFile; fileRef = FAE443E423BE1BE40070A572 /* RestAPIBase.swift */; };
		FAE443E723BE1C460070A572 /* RestAPIEvent.swift in Sources */ = {isa = PBXBuildFile; fileRef = FAE443E623BE1C460070A572 /* RestAPIEvent.swift */; };
		FAE443EB23BE1E1C0070A572 /* ImageSize.swift in Sources */ = {isa = PBXBuildFile; fileRef = FAE443EA23BE1E1C0070A572 /* ImageSize.swift */; };
		FAE443ED23BE20DD0070A572 /* League.swift in Sources */ = {isa = PBXBuildFile; fileRef = FAE443EC23BE20DD0070A572 /* League.swift */; };
		FAE443EF23BE21030070A572 /* Event.swift in Sources */ = {isa = PBXBuildFile; fileRef = FAE443EE23BE21030070A572 /* Event.swift */; };
		FAE443F123BE22360070A572 /* Team.swift in Sources */ = {isa = PBXBuildFile; fileRef = FAE443F023BE22360070A572 /* Team.swift */; };
		FAE443F323BE26D00070A572 /* Result.swift in Sources */ = {isa = PBXBuildFile; fileRef = FAE443F223BE26D00070A572 /* Result.swift */; };
		FAE443F523BE26E90070A572 /* Score.swift in Sources */ = {isa = PBXBuildFile; fileRef = FAE443F423BE26E90070A572 /* Score.swift */; };
		FAE443F723BE27580070A572 /* Status.swift in Sources */ = {isa = PBXBuildFile; fileRef = FAE443F623BE27580070A572 /* Status.swift */; };
		FAFAA4DC23BF995500E3CF97 /* NetworkError.swift in Sources */ = {isa = PBXBuildFile; fileRef = FAFAA4DB23BF995500E3CF97 /* NetworkError.swift */; };
		FAFAA4DF23BF9D3E00E3CF97 /* EventListTableViewCell.swift in Sources */ = {isa = PBXBuildFile; fileRef = FAFAA4DE23BF9D3E00E3CF97 /* EventListTableViewCell.swift */; };
		FAFAA4E223BFABAB00E3CF97 /* UIImageViewExtension.swift in Sources */ = {isa = PBXBuildFile; fileRef = FAFAA4E123BFABAB00E3CF97 /* UIImageViewExtension.swift */; };
		FAFB839C23BE140900B1B524 /* AppDelegate.swift in Sources */ = {isa = PBXBuildFile; fileRef = FAFB839B23BE140900B1B524 /* AppDelegate.swift */; };
		FAFB839E23BE140900B1B524 /* SceneDelegate.swift in Sources */ = {isa = PBXBuildFile; fileRef = FAFB839D23BE140900B1B524 /* SceneDelegate.swift */; };
		FAFB83A023BE140900B1B524 /* EventListViewController.swift in Sources */ = {isa = PBXBuildFile; fileRef = FAFB839F23BE140900B1B524 /* EventListViewController.swift */; };
		FAFB83A323BE140900B1B524 /* Main.storyboard in Resources */ = {isa = PBXBuildFile; fileRef = FAFB83A123BE140900B1B524 /* Main.storyboard */; };
		FAFB83A523BE140A00B1B524 /* Assets.xcassets in Resources */ = {isa = PBXBuildFile; fileRef = FAFB83A423BE140A00B1B524 /* Assets.xcassets */; };
		FAFB83A823BE140A00B1B524 /* LaunchScreen.storyboard in Resources */ = {isa = PBXBuildFile; fileRef = FAFB83A623BE140A00B1B524 /* LaunchScreen.storyboard */; };
		FAFB83B323BE140A00B1B524 /* SchibstedTests.swift in Sources */ = {isa = PBXBuildFile; fileRef = FAFB83B223BE140A00B1B524 /* SchibstedTests.swift */; };
/* End PBXBuildFile section */

/* Begin PBXContainerItemProxy section */
		FAFB83AF23BE140A00B1B524 /* PBXContainerItemProxy */ = {
			isa = PBXContainerItemProxy;
			containerPortal = FAFB839023BE140900B1B524 /* Project object */;
			proxyType = 1;
			remoteGlobalIDString = FAFB839723BE140900B1B524;
			remoteInfo = Schibsted;
		};
/* End PBXContainerItemProxy section */

/* Begin PBXFileReference section */
		740D9B62F8B340B51191D283 /* Pods-SchibstedTests.debug.xcconfig */ = {isa = PBXFileReference; includeInIndex = 1; lastKnownFileType = text.xcconfig; name = "Pods-SchibstedTests.debug.xcconfig"; path = "Target Support Files/Pods-SchibstedTests/Pods-SchibstedTests.debug.xcconfig"; sourceTree = "<group>"; };
		A4714346AA0FD97CD396837D /* Pods-Schibsted.debug.xcconfig */ = {isa = PBXFileReference; includeInIndex = 1; lastKnownFileType = text.xcconfig; name = "Pods-Schibsted.debug.xcconfig"; path = "Target Support Files/Pods-Schibsted/Pods-Schibsted.debug.xcconfig"; sourceTree = "<group>"; };
		BE425A4A5D2EE7B75F8C211E /* Pods_SchibstedTests.framework */ = {isa = PBXFileReference; explicitFileType = wrapper.framework; includeInIndex = 0; path = Pods_SchibstedTests.framework; sourceTree = BUILT_PRODUCTS_DIR; };
		C911219085A3B72B64792DF7 /* Pods-Schibsted.release.xcconfig */ = {isa = PBXFileReference; includeInIndex = 1; lastKnownFileType = text.xcconfig; name = "Pods-Schibsted.release.xcconfig"; path = "Target Support Files/Pods-Schibsted/Pods-Schibsted.release.xcconfig"; sourceTree = "<group>"; };
		DA58250ED8E8F3703B150F0C /* Pods_Schibsted.framework */ = {isa = PBXFileReference; explicitFileType = wrapper.framework; includeInIndex = 0; path = Pods_Schibsted.framework; sourceTree = BUILT_PRODUCTS_DIR; };
		F32F8D3941A2295DF1989EBE /* Pods-SchibstedTests.release.xcconfig */ = {isa = PBXFileReference; includeInIndex = 1; lastKnownFileType = text.xcconfig; name = "Pods-SchibstedTests.release.xcconfig"; path = "Target Support Files/Pods-SchibstedTests/Pods-SchibstedTests.release.xcconfig"; sourceTree = "<group>"; };
		FAE443DD23BE17F20070A572 /* EventStatus.swift */ = {isa = PBXFileReference; lastKnownFileType = sourcecode.swift; path = EventStatus.swift; sourceTree = "<group>"; };
		FAE443E023BE1A3E0070A572 /* Cancellable.swift */ = {isa = PBXFileReference; lastKnownFileType = sourcecode.swift; path = Cancellable.swift; sourceTree = "<group>"; };
		FAE443E223BE1A5B0070A572 /* Reachable.swift */ = {isa = PBXFileReference; lastKnownFileType = sourcecode.swift; path = Reachable.swift; sourceTree = "<group>"; };
		FAE443E423BE1BE40070A572 /* RestAPIBase.swift */ = {isa = PBXFileReference; lastKnownFileType = sourcecode.swift; path = RestAPIBase.swift; sourceTree = "<group>"; };
		FAE443E623BE1C460070A572 /* RestAPIEvent.swift */ = {isa = PBXFileReference; lastKnownFileType = sourcecode.swift; path = RestAPIEvent.swift; sourceTree = "<group>"; };
		FAE443EA23BE1E1C0070A572 /* ImageSize.swift */ = {isa = PBXFileReference; lastKnownFileType = sourcecode.swift; path = ImageSize.swift; sourceTree = "<group>"; };
		FAE443EC23BE20DD0070A572 /* League.swift */ = {isa = PBXFileReference; lastKnownFileType = sourcecode.swift; path = League.swift; sourceTree = "<group>"; };
		FAE443EE23BE21030070A572 /* Event.swift */ = {isa = PBXFileReference; lastKnownFileType = sourcecode.swift; path = Event.swift; sourceTree = "<group>"; };
		FAE443F023BE22360070A572 /* Team.swift */ = {isa = PBXFileReference; lastKnownFileType = sourcecode.swift; path = Team.swift; sourceTree = "<group>"; };
		FAE443F223BE26D00070A572 /* Result.swift */ = {isa = PBXFileReference; lastKnownFileType = sourcecode.swift; path = Result.swift; sourceTree = "<group>"; };
		FAE443F423BE26E90070A572 /* Score.swift */ = {isa = PBXFileReference; lastKnownFileType = sourcecode.swift; path = Score.swift; sourceTree = "<group>"; };
		FAE443F623BE27580070A572 /* Status.swift */ = {isa = PBXFileReference; lastKnownFileType = sourcecode.swift; path = Status.swift; sourceTree = "<group>"; };
		FAFAA4DB23BF995500E3CF97 /* NetworkError.swift */ = {isa = PBXFileReference; lastKnownFileType = sourcecode.swift; path = NetworkError.swift; sourceTree = "<group>"; };
		FAFAA4DE23BF9D3E00E3CF97 /* EventListTableViewCell.swift */ = {isa = PBXFileReference; lastKnownFileType = sourcecode.swift; path = EventListTableViewCell.swift; sourceTree = "<group>"; };
		FAFAA4E123BFABAB00E3CF97 /* UIImageViewExtension.swift */ = {isa = PBXFileReference; lastKnownFileType = sourcecode.swift; path = UIImageViewExtension.swift; sourceTree = "<group>"; };
		FAFB839823BE140900B1B524 /* Schibsted.app */ = {isa = PBXFileReference; explicitFileType = wrapper.application; includeInIndex = 0; path = Schibsted.app; sourceTree = BUILT_PRODUCTS_DIR; };
		FAFB839B23BE140900B1B524 /* AppDelegate.swift */ = {isa = PBXFileReference; lastKnownFileType = sourcecode.swift; path = AppDelegate.swift; sourceTree = "<group>"; };
		FAFB839D23BE140900B1B524 /* SceneDelegate.swift */ = {isa = PBXFileReference; lastKnownFileType = sourcecode.swift; path = SceneDelegate.swift; sourceTree = "<group>"; };
		FAFB839F23BE140900B1B524 /* EventListViewController.swift */ = {isa = PBXFileReference; lastKnownFileType = sourcecode.swift; path = EventListViewController.swift; sourceTree = "<group>"; };
		FAFB83A223BE140900B1B524 /* Base */ = {isa = PBXFileReference; lastKnownFileType = file.storyboard; name = Base; path = Base.lproj/Main.storyboard; sourceTree = "<group>"; };
		FAFB83A423BE140A00B1B524 /* Assets.xcassets */ = {isa = PBXFileReference; lastKnownFileType = folder.assetcatalog; path = Assets.xcassets; sourceTree = "<group>"; };
		FAFB83A723BE140A00B1B524 /* Base */ = {isa = PBXFileReference; lastKnownFileType = file.storyboard; name = Base; path = Base.lproj/LaunchScreen.storyboard; sourceTree = "<group>"; };
		FAFB83A923BE140A00B1B524 /* Info.plist */ = {isa = PBXFileReference; lastKnownFileType = text.plist.xml; path = Info.plist; sourceTree = "<group>"; };
		FAFB83AE23BE140A00B1B524 /* SchibstedTests.xctest */ = {isa = PBXFileReference; explicitFileType = wrapper.cfbundle; includeInIndex = 0; path = SchibstedTests.xctest; sourceTree = BUILT_PRODUCTS_DIR; };
		FAFB83B223BE140A00B1B524 /* SchibstedTests.swift */ = {isa = PBXFileReference; lastKnownFileType = sourcecode.swift; path = SchibstedTests.swift; sourceTree = "<group>"; };
		FAFB83B423BE140A00B1B524 /* Info.plist */ = {isa = PBXFileReference; lastKnownFileType = text.plist.xml; path = Info.plist; sourceTree = "<group>"; };
/* End PBXFileReference section */

/* Begin PBXFrameworksBuildPhase section */
		FAFB839523BE140900B1B524 /* Frameworks */ = {
			isa = PBXFrameworksBuildPhase;
			buildActionMask = 2147483647;
			files = (
				E794FEBA871816EA751D476C /* Pods_Schibsted.framework in Frameworks */,
			);
			runOnlyForDeploymentPostprocessing = 0;
		};
		FAFB83AB23BE140A00B1B524 /* Frameworks */ = {
			isa = PBXFrameworksBuildPhase;
			buildActionMask = 2147483647;
			files = (
				53D4D1C92D91C1F9AB12C7E3 /* Pods_SchibstedTests.framework in Frameworks */,
			);
			runOnlyForDeploymentPostprocessing = 0;
		};
/* End PBXFrameworksBuildPhase section */

/* Begin PBXGroup section */
		2BE38E4357756D231005790C /* Pods */ = {
			isa = PBXGroup;
			children = (
				A4714346AA0FD97CD396837D /* Pods-Schibsted.debug.xcconfig */,
				C911219085A3B72B64792DF7 /* Pods-Schibsted.release.xcconfig */,
				740D9B62F8B340B51191D283 /* Pods-SchibstedTests.debug.xcconfig */,
				F32F8D3941A2295DF1989EBE /* Pods-SchibstedTests.release.xcconfig */,
			);
			path = Pods;
			sourceTree = "<group>";
		};
		DE5873EA4277EEEB7876C936 /* Frameworks */ = {
			isa = PBXGroup;
			children = (
				DA58250ED8E8F3703B150F0C /* Pods_Schibsted.framework */,
				BE425A4A5D2EE7B75F8C211E /* Pods_SchibstedTests.framework */,
			);
			name = Frameworks;
			sourceTree = "<group>";
		};
		FAE443D923BE14600070A572 /* Network */ = {
			isa = PBXGroup;
			children = (
				FAE443DF23BE1A1E0070A572 /* Protocols */,
				FAE443E423BE1BE40070A572 /* RestAPIBase.swift */,
				FAE443E623BE1C460070A572 /* RestAPIEvent.swift */,
			);
			path = Network;
			sourceTree = "<group>";
		};
		FAE443DA23BE146B0070A572 /* Components */ = {
			isa = PBXGroup;
			children = (
				FAFAA4D923BF75C700E3CF97 /* Detail */,
				FAFAA4D823BF75BB00E3CF97 /* List */,
			);
			path = Components;
			sourceTree = "<group>";
		};
		FAE443DB23BE14730070A572 /* Models */ = {
			isa = PBXGroup;
			children = (
				FAE443EC23BE20DD0070A572 /* League.swift */,
				FAE443EE23BE21030070A572 /* Event.swift */,
				FAE443F023BE22360070A572 /* Team.swift */,
				FAE443F223BE26D00070A572 /* Result.swift */,
				FAE443F423BE26E90070A572 /* Score.swift */,
				FAE443F623BE27580070A572 /* Status.swift */,
			);
			path = Models;
			sourceTree = "<group>";
		};
		FAE443DC23BE16960070A572 /* Enum */ = {
			isa = PBXGroup;
			children = (
				FAE443DD23BE17F20070A572 /* EventStatus.swift */,
				FAE443EA23BE1E1C0070A572 /* ImageSize.swift */,
				FAFAA4DB23BF995500E3CF97 /* NetworkError.swift */,
			);
			path = Enum;
			sourceTree = "<group>";
		};
		FAE443DF23BE1A1E0070A572 /* Protocols */ = {
			isa = PBXGroup;
			children = (
				FAE443E023BE1A3E0070A572 /* Cancellable.swift */,
				FAE443E223BE1A5B0070A572 /* Reachable.swift */,
			);
			path = Protocols;
			sourceTree = "<group>";
		};
		FAFAA4D823BF75BB00E3CF97 /* List */ = {
			isa = PBXGroup;
			children = (
				FAFAA4DD23BF9D2C00E3CF97 /* customCells */,
				FAFB839F23BE140900B1B524 /* EventListViewController.swift */,
			);
			path = List;
			sourceTree = "<group>";
		};
		FAFAA4D923BF75C700E3CF97 /* Detail */ = {
			isa = PBXGroup;
			children = (
			);
			path = Detail;
			sourceTree = "<group>";
		};
		FAFAA4DD23BF9D2C00E3CF97 /* customCells */ = {
			isa = PBXGroup;
			children = (
				FAFAA4DE23BF9D3E00E3CF97 /* EventListTableViewCell.swift */,
			);
			path = customCells;
			sourceTree = "<group>";
		};
		FAFAA4E023BFA87200E3CF97 /* Extension */ = {
			isa = PBXGroup;
			children = (
				FAFAA4E123BFABAB00E3CF97 /* UIImageViewExtension.swift */,
			);
			path = Extension;
			sourceTree = "<group>";
		};
		FAFB838F23BE140900B1B524 = {
			isa = PBXGroup;
			children = (
				FAFB839A23BE140900B1B524 /* Schibsted */,
				FAFB83B123BE140A00B1B524 /* SchibstedTests */,
				FAFB839923BE140900B1B524 /* Products */,
				2BE38E4357756D231005790C /* Pods */,
				DE5873EA4277EEEB7876C936 /* Frameworks */,
			);
			sourceTree = "<group>";
		};
		FAFB839923BE140900B1B524 /* Products */ = {
			isa = PBXGroup;
			children = (
				FAFB839823BE140900B1B524 /* Schibsted.app */,
				FAFB83AE23BE140A00B1B524 /* SchibstedTests.xctest */,
			);
			name = Products;
			sourceTree = "<group>";
		};
		FAFB839A23BE140900B1B524 /* Schibsted */ = {
			isa = PBXGroup;
			children = (
				FAFAA4E023BFA87200E3CF97 /* Extension */,
				FAE443DC23BE16960070A572 /* Enum */,
				FAE443DB23BE14730070A572 /* Models */,
				FAE443DA23BE146B0070A572 /* Components */,
				FAE443D923BE14600070A572 /* Network */,
				FAFB839B23BE140900B1B524 /* AppDelegate.swift */,
				FAFB839D23BE140900B1B524 /* SceneDelegate.swift */,
				FAFB83A123BE140900B1B524 /* Main.storyboard */,
				FAFB83A423BE140A00B1B524 /* Assets.xcassets */,
				FAFB83A623BE140A00B1B524 /* LaunchScreen.storyboard */,
				FAFB83A923BE140A00B1B524 /* Info.plist */,
			);
			path = Schibsted;
			sourceTree = "<group>";
		};
		FAFB83B123BE140A00B1B524 /* SchibstedTests */ = {
			isa = PBXGroup;
			children = (
				FAFB83B223BE140A00B1B524 /* SchibstedTests.swift */,
				FAFB83B423BE140A00B1B524 /* Info.plist */,
			);
			path = SchibstedTests;
			sourceTree = "<group>";
		};
/* End PBXGroup section */

/* Begin PBXNativeTarget section */
		FAFB839723BE140900B1B524 /* Schibsted */ = {
			isa = PBXNativeTarget;
			buildConfigurationList = FAFB83B723BE140A00B1B524 /* Build configuration list for PBXNativeTarget "Schibsted" */;
			buildPhases = (
				DD0458E59645785C4B5EA202 /* [CP] Check Pods Manifest.lock */,
				FAFB839423BE140900B1B524 /* Sources */,
				FAFB839523BE140900B1B524 /* Frameworks */,
				FAFB839623BE140900B1B524 /* Resources */,
				F89090ED4633F1D3FF9ACAAE /* [CP] Embed Pods Frameworks */,
			);
			buildRules = (
			);
			dependencies = (
			);
			name = Schibsted;
			productName = Schibsted;
			productReference = FAFB839823BE140900B1B524 /* Schibsted.app */;
			productType = "com.apple.product-type.application";
		};
		FAFB83AD23BE140A00B1B524 /* SchibstedTests */ = {
			isa = PBXNativeTarget;
			buildConfigurationList = FAFB83BA23BE140A00B1B524 /* Build configuration list for PBXNativeTarget "SchibstedTests" */;
			buildPhases = (
				88632A1D8A44C7FD827C4908 /* [CP] Check Pods Manifest.lock */,
				FAFB83AA23BE140A00B1B524 /* Sources */,
				FAFB83AB23BE140A00B1B524 /* Frameworks */,
				FAFB83AC23BE140A00B1B524 /* Resources */,
				F9C6210269E85A71FD76476C /* [CP] Embed Pods Frameworks */,
			);
			buildRules = (
			);
			dependencies = (
				FAFB83B023BE140A00B1B524 /* PBXTargetDependency */,
			);
			name = SchibstedTests;
			productName = SchibstedTests;
			productReference = FAFB83AE23BE140A00B1B524 /* SchibstedTests.xctest */;
			productType = "com.apple.product-type.bundle.unit-test";
		};
/* End PBXNativeTarget section */

/* Begin PBXProject section */
		FAFB839023BE140900B1B524 /* Project object */ = {
			isa = PBXProject;
			attributes = {
				LastSwiftUpdateCheck = 1120;
				LastUpgradeCheck = 1120;
				ORGANIZATIONNAME = "Odet Alexandre";
				TargetAttributes = {
					FAFB839723BE140900B1B524 = {
						CreatedOnToolsVersion = 11.2.1;
					};
					FAFB83AD23BE140A00B1B524 = {
						CreatedOnToolsVersion = 11.2.1;
						TestTargetID = FAFB839723BE140900B1B524;
					};
				};
			};
			buildConfigurationList = FAFB839323BE140900B1B524 /* Build configuration list for PBXProject "Schibsted" */;
			compatibilityVersion = "Xcode 9.3";
			developmentRegion = en;
			hasScannedForEncodings = 0;
			knownRegions = (
				en,
				Base,
			);
			mainGroup = FAFB838F23BE140900B1B524;
			productRefGroup = FAFB839923BE140900B1B524 /* Products */;
			projectDirPath = "";
			projectRoot = "";
			targets = (
				FAFB839723BE140900B1B524 /* Schibsted */,
				FAFB83AD23BE140A00B1B524 /* SchibstedTests */,
			);
		};
/* End PBXProject section */

/* Begin PBXResourcesBuildPhase section */
		FAFB839623BE140900B1B524 /* Resources */ = {
			isa = PBXResourcesBuildPhase;
			buildActionMask = 2147483647;
			files = (
				FAFB83A823BE140A00B1B524 /* LaunchScreen.storyboard in Resources */,
				FAFB83A523BE140A00B1B524 /* Assets.xcassets in Resources */,
				FAFB83A323BE140900B1B524 /* Main.storyboard in Resources */,
			);
			runOnlyForDeploymentPostprocessing = 0;
		};
		FAFB83AC23BE140A00B1B524 /* Resources */ = {
			isa = PBXResourcesBuildPhase;
			buildActionMask = 2147483647;
			files = (
			);
			runOnlyForDeploymentPostprocessing = 0;
		};
/* End PBXResourcesBuildPhase section */

/* Begin PBXShellScriptBuildPhase section */
		88632A1D8A44C7FD827C4908 /* [CP] Check Pods Manifest.lock */ = {
			isa = PBXShellScriptBuildPhase;
			buildActionMask = 2147483647;
			files = (
			);
			inputFileListPaths = (
			);
			inputPaths = (
				"${PODS_PODFILE_DIR_PATH}/Podfile.lock",
				"${PODS_ROOT}/Manifest.lock",
			);
			name = "[CP] Check Pods Manifest.lock";
			outputFileListPaths = (
			);
			outputPaths = (
				"$(DERIVED_FILE_DIR)/Pods-SchibstedTests-checkManifestLockResult.txt",
			);
			runOnlyForDeploymentPostprocessing = 0;
			shellPath = /bin/sh;
			shellScript = "diff \"${PODS_PODFILE_DIR_PATH}/Podfile.lock\" \"${PODS_ROOT}/Manifest.lock\" > /dev/null\nif [ $? != 0 ] ; then\n    # print error to STDERR\n    echo \"error: The sandbox is not in sync with the Podfile.lock. Run 'pod install' or update your CocoaPods installation.\" >&2\n    exit 1\nfi\n# This output is used by Xcode 'outputs' to avoid re-running this script phase.\necho \"SUCCESS\" > \"${SCRIPT_OUTPUT_FILE_0}\"\n";
			showEnvVarsInLog = 0;
		};
		DD0458E59645785C4B5EA202 /* [CP] Check Pods Manifest.lock */ = {
			isa = PBXShellScriptBuildPhase;
			buildActionMask = 2147483647;
			files = (
			);
			inputFileListPaths = (
			);
			inputPaths = (
				"${PODS_PODFILE_DIR_PATH}/Podfile.lock",
				"${PODS_ROOT}/Manifest.lock",
			);
			name = "[CP] Check Pods Manifest.lock";
			outputFileListPaths = (
			);
			outputPaths = (
				"$(DERIVED_FILE_DIR)/Pods-Schibsted-checkManifestLockResult.txt",
			);
			runOnlyForDeploymentPostprocessing = 0;
			shellPath = /bin/sh;
			shellScript = "diff \"${PODS_PODFILE_DIR_PATH}/Podfile.lock\" \"${PODS_ROOT}/Manifest.lock\" > /dev/null\nif [ $? != 0 ] ; then\n    # print error to STDERR\n    echo \"error: The sandbox is not in sync with the Podfile.lock. Run 'pod install' or update your CocoaPods installation.\" >&2\n    exit 1\nfi\n# This output is used by Xcode 'outputs' to avoid re-running this script phase.\necho \"SUCCESS\" > \"${SCRIPT_OUTPUT_FILE_0}\"\n";
			showEnvVarsInLog = 0;
		};
		F89090ED4633F1D3FF9ACAAE /* [CP] Embed Pods Frameworks */ = {
			isa = PBXShellScriptBuildPhase;
			buildActionMask = 2147483647;
			files = (
			);
			inputFileListPaths = (
				"${PODS_ROOT}/Target Support Files/Pods-Schibsted/Pods-Schibsted-frameworks-${CONFIGURATION}-input-files.xcfilelist",
			);
			name = "[CP] Embed Pods Frameworks";
			outputFileListPaths = (
				"${PODS_ROOT}/Target Support Files/Pods-Schibsted/Pods-Schibsted-frameworks-${CONFIGURATION}-output-files.xcfilelist",
			);
			runOnlyForDeploymentPostprocessing = 0;
			shellPath = /bin/sh;
			shellScript = "\"${PODS_ROOT}/Target Support Files/Pods-Schibsted/Pods-Schibsted-frameworks.sh\"\n";
			showEnvVarsInLog = 0;
		};
		F9C6210269E85A71FD76476C /* [CP] Embed Pods Frameworks */ = {
			isa = PBXShellScriptBuildPhase;
			buildActionMask = 2147483647;
			files = (
			);
			inputFileListPaths = (
				"${PODS_ROOT}/Target Support Files/Pods-SchibstedTests/Pods-SchibstedTests-frameworks-${CONFIGURATION}-input-files.xcfilelist",
			);
			name = "[CP] Embed Pods Frameworks";
			outputFileListPaths = (
				"${PODS_ROOT}/Target Support Files/Pods-SchibstedTests/Pods-SchibstedTests-frameworks-${CONFIGURATION}-output-files.xcfilelist",
			);
			runOnlyForDeploymentPostprocessing = 0;
			shellPath = /bin/sh;
			shellScript = "\"${PODS_ROOT}/Target Support Files/Pods-SchibstedTests/Pods-SchibstedTests-frameworks.sh\"\n";
			showEnvVarsInLog = 0;
		};
/* End PBXShellScriptBuildPhase section */

/* Begin PBXSourcesBuildPhase section */
		FAFB839423BE140900B1B524 /* Sources */ = {
			isa = PBXSourcesBuildPhase;
			buildActionMask = 2147483647;
			files = (
				FAE443E123BE1A3E0070A572 /* Cancellable.swift in Sources */,
				FAFAA4DF23BF9D3E00E3CF97 /* EventListTableViewCell.swift in Sources */,
				FAFAA4DC23BF995500E3CF97 /* NetworkError.swift in Sources */,
				FAFB83A023BE140900B1B524 /* EventListViewController.swift in Sources */,
				FAE443F123BE22360070A572 /* Team.swift in Sources */,
				FAFB839C23BE140900B1B524 /* AppDelegate.swift in Sources */,
				FAE443F523BE26E90070A572 /* Score.swift in Sources */,
				FAE443F323BE26D00070A572 /* Result.swift in Sources */,
				FAE443E523BE1BE40070A572 /* RestAPIBase.swift in Sources */,
				FAE443EF23BE21030070A572 /* Event.swift in Sources */,
				FAE443E323BE1A5B0070A572 /* Reachable.swift in Sources */,
				FAE443DE23BE17F20070A572 /* EventStatus.swift in Sources */,
				FAE443F723BE27580070A572 /* Status.swift in Sources */,
				FAFB839E23BE140900B1B524 /* SceneDelegate.swift in Sources */,
				FAFAA4E223BFABAB00E3CF97 /* UIImageViewExtension.swift in Sources */,
				FAE443EB23BE1E1C0070A572 /* ImageSize.swift in Sources */,
				FAE443ED23BE20DD0070A572 /* League.swift in Sources */,
				FAE443E723BE1C460070A572 /* RestAPIEvent.swift in Sources */,
			);
			runOnlyForDeploymentPostprocessing = 0;
		};
		FAFB83AA23BE140A00B1B524 /* Sources */ = {
			isa = PBXSourcesBuildPhase;
			buildActionMask = 2147483647;
			files = (
				FAFB83B323BE140A00B1B524 /* SchibstedTests.swift in Sources */,
			);
			runOnlyForDeploymentPostprocessing = 0;
		};
/* End PBXSourcesBuildPhase section */

/* Begin PBXTargetDependency section */
		FAFB83B023BE140A00B1B524 /* PBXTargetDependency */ = {
			isa = PBXTargetDependency;
			target = FAFB839723BE140900B1B524 /* Schibsted */;
			targetProxy = FAFB83AF23BE140A00B1B524 /* PBXContainerItemProxy */;
		};
/* End PBXTargetDependency section */

/* Begin PBXVariantGroup section */
		FAFB83A123BE140900B1B524 /* Main.storyboard */ = {
			isa = PBXVariantGroup;
			children = (
				FAFB83A223BE140900B1B524 /* Base */,
			);
			name = Main.storyboard;
			sourceTree = "<group>";
		};
		FAFB83A623BE140A00B1B524 /* LaunchScreen.storyboard */ = {
			isa = PBXVariantGroup;
			children = (
				FAFB83A723BE140A00B1B524 /* Base */,
			);
			name = LaunchScreen.storyboard;
			sourceTree = "<group>";
		};
/* End PBXVariantGroup section */

/* Begin XCBuildConfiguration section */
		FAFB83B523BE140A00B1B524 /* Debug */ = {
			isa = XCBuildConfiguration;
			buildSettings = {
				ALWAYS_SEARCH_USER_PATHS = NO;
				CLANG_ANALYZER_NONNULL = YES;
				CLANG_ANALYZER_NUMBER_OBJECT_CONVERSION = YES_AGGRESSIVE;
				CLANG_CXX_LANGUAGE_STANDARD = "gnu++14";
				CLANG_CXX_LIBRARY = "libc++";
				CLANG_ENABLE_MODULES = YES;
				CLANG_ENABLE_OBJC_ARC = YES;
				CLANG_ENABLE_OBJC_WEAK = YES;
				CLANG_WARN_BLOCK_CAPTURE_AUTORELEASING = YES;
				CLANG_WARN_BOOL_CONVERSION = YES;
				CLANG_WARN_COMMA = YES;
				CLANG_WARN_CONSTANT_CONVERSION = YES;
				CLANG_WARN_DEPRECATED_OBJC_IMPLEMENTATIONS = YES;
				CLANG_WARN_DIRECT_OBJC_ISA_USAGE = YES_ERROR;
				CLANG_WARN_DOCUMENTATION_COMMENTS = YES;
				CLANG_WARN_EMPTY_BODY = YES;
				CLANG_WARN_ENUM_CONVERSION = YES;
				CLANG_WARN_INFINITE_RECURSION = YES;
				CLANG_WARN_INT_CONVERSION = YES;
				CLANG_WARN_NON_LITERAL_NULL_CONVERSION = YES;
				CLANG_WARN_OBJC_IMPLICIT_RETAIN_SELF = YES;
				CLANG_WARN_OBJC_LITERAL_CONVERSION = YES;
				CLANG_WARN_OBJC_ROOT_CLASS = YES_ERROR;
				CLANG_WARN_RANGE_LOOP_ANALYSIS = YES;
				CLANG_WARN_STRICT_PROTOTYPES = YES;
				CLANG_WARN_SUSPICIOUS_MOVE = YES;
				CLANG_WARN_UNGUARDED_AVAILABILITY = YES_AGGRESSIVE;
				CLANG_WARN_UNREACHABLE_CODE = YES;
				CLANG_WARN__DUPLICATE_METHOD_MATCH = YES;
				COPY_PHASE_STRIP = NO;
				DEBUG_INFORMATION_FORMAT = dwarf;
				ENABLE_STRICT_OBJC_MSGSEND = YES;
				ENABLE_TESTABILITY = YES;
				GCC_C_LANGUAGE_STANDARD = gnu11;
				GCC_DYNAMIC_NO_PIC = NO;
				GCC_NO_COMMON_BLOCKS = YES;
				GCC_OPTIMIZATION_LEVEL = 0;
				GCC_PREPROCESSOR_DEFINITIONS = (
					"DEBUG=1",
					"$(inherited)",
				);
				GCC_WARN_64_TO_32_BIT_CONVERSION = YES;
				GCC_WARN_ABOUT_RETURN_TYPE = YES_ERROR;
				GCC_WARN_UNDECLARED_SELECTOR = YES;
				GCC_WARN_UNINITIALIZED_AUTOS = YES_AGGRESSIVE;
				GCC_WARN_UNUSED_FUNCTION = YES;
				GCC_WARN_UNUSED_VARIABLE = YES;
				IPHONEOS_DEPLOYMENT_TARGET = 13.2;
				MTL_ENABLE_DEBUG_INFO = INCLUDE_SOURCE;
				MTL_FAST_MATH = YES;
				ONLY_ACTIVE_ARCH = YES;
				SDKROOT = iphoneos;
				SWIFT_ACTIVE_COMPILATION_CONDITIONS = DEBUG;
				SWIFT_OPTIMIZATION_LEVEL = "-Onone";
			};
			name = Debug;
		};
		FAFB83B623BE140A00B1B524 /* Release */ = {
			isa = XCBuildConfiguration;
			buildSettings = {
				ALWAYS_SEARCH_USER_PATHS = NO;
				CLANG_ANALYZER_NONNULL = YES;
				CLANG_ANALYZER_NUMBER_OBJECT_CONVERSION = YES_AGGRESSIVE;
				CLANG_CXX_LANGUAGE_STANDARD = "gnu++14";
				CLANG_CXX_LIBRARY = "libc++";
				CLANG_ENABLE_MODULES = YES;
				CLANG_ENABLE_OBJC_ARC = YES;
				CLANG_ENABLE_OBJC_WEAK = YES;
				CLANG_WARN_BLOCK_CAPTURE_AUTORELEASING = YES;
				CLANG_WARN_BOOL_CONVERSION = YES;
				CLANG_WARN_COMMA = YES;
				CLANG_WARN_CONSTANT_CONVERSION = YES;
				CLANG_WARN_DEPRECATED_OBJC_IMPLEMENTATIONS = YES;
				CLANG_WARN_DIRECT_OBJC_ISA_USAGE = YES_ERROR;
				CLANG_WARN_DOCUMENTATION_COMMENTS = YES;
				CLANG_WARN_EMPTY_BODY = YES;
				CLANG_WARN_ENUM_CONVERSION = YES;
				CLANG_WARN_INFINITE_RECURSION = YES;
				CLANG_WARN_INT_CONVERSION = YES;
				CLANG_WARN_NON_LITERAL_NULL_CONVERSION = YES;
				CLANG_WARN_OBJC_IMPLICIT_RETAIN_SELF = YES;
				CLANG_WARN_OBJC_LITERAL_CONVERSION = YES;
				CLANG_WARN_OBJC_ROOT_CLASS = YES_ERROR;
				CLANG_WARN_RANGE_LOOP_ANALYSIS = YES;
				CLANG_WARN_STRICT_PROTOTYPES = YES;
				CLANG_WARN_SUSPICIOUS_MOVE = YES;
				CLANG_WARN_UNGUARDED_AVAILABILITY = YES_AGGRESSIVE;
				CLANG_WARN_UNREACHABLE_CODE = YES;
				CLANG_WARN__DUPLICATE_METHOD_MATCH = YES;
				COPY_PHASE_STRIP = NO;
				DEBUG_INFORMATION_FORMAT = "dwarf-with-dsym";
				ENABLE_NS_ASSERTIONS = NO;
				ENABLE_STRICT_OBJC_MSGSEND = YES;
				GCC_C_LANGUAGE_STANDARD = gnu11;
				GCC_NO_COMMON_BLOCKS = YES;
				GCC_WARN_64_TO_32_BIT_CONVERSION = YES;
				GCC_WARN_ABOUT_RETURN_TYPE = YES_ERROR;
				GCC_WARN_UNDECLARED_SELECTOR = YES;
				GCC_WARN_UNINITIALIZED_AUTOS = YES_AGGRESSIVE;
				GCC_WARN_UNUSED_FUNCTION = YES;
				GCC_WARN_UNUSED_VARIABLE = YES;
				IPHONEOS_DEPLOYMENT_TARGET = 13.2;
				MTL_ENABLE_DEBUG_INFO = NO;
				MTL_FAST_MATH = YES;
				SDKROOT = iphoneos;
				SWIFT_COMPILATION_MODE = wholemodule;
				SWIFT_OPTIMIZATION_LEVEL = "-O";
				VALIDATE_PRODUCT = YES;
			};
			name = Release;
		};
		FAFB83B823BE140A00B1B524 /* Debug */ = {
			isa = XCBuildConfiguration;
			baseConfigurationReference = A4714346AA0FD97CD396837D /* Pods-Schibsted.debug.xcconfig */;
			buildSettings = {
				ASSETCATALOG_COMPILER_APPICON_NAME = AppIcon;
				CODE_SIGN_STYLE = Automatic;
				DEVELOPMENT_TEAM = 245FL8M245;
				INFOPLIST_FILE = Schibsted/Info.plist;
				LD_RUNPATH_SEARCH_PATHS = (
					"$(inherited)",
					"@executable_path/Frameworks",
				);
				PRODUCT_BUNDLE_IDENTIFIER = odetAlexandre.Schibsted;
				PRODUCT_NAME = "$(TARGET_NAME)";
				SWIFT_VERSION = 5.0;
				TARGETED_DEVICE_FAMILY = "1,2";
			};
			name = Debug;
		};
		FAFB83B923BE140A00B1B524 /* Release */ = {
			isa = XCBuildConfiguration;
			baseConfigurationReference = C911219085A3B72B64792DF7 /* Pods-Schibsted.release.xcconfig */;
			buildSettings = {
				ASSETCATALOG_COMPILER_APPICON_NAME = AppIcon;
				CODE_SIGN_STYLE = Automatic;
				DEVELOPMENT_TEAM = 245FL8M245;
				INFOPLIST_FILE = Schibsted/Info.plist;
				LD_RUNPATH_SEARCH_PATHS = (
					"$(inherited)",
					"@executable_path/Frameworks",
				);
				PRODUCT_BUNDLE_IDENTIFIER = odetAlexandre.Schibsted;
				PRODUCT_NAME = "$(TARGET_NAME)";
				SWIFT_VERSION = 5.0;
				TARGETED_DEVICE_FAMILY = "1,2";
			};
			name = Release;
		};
		FAFB83BB23BE140A00B1B524 /* Debug */ = {
			isa = XCBuildConfiguration;
			baseConfigurationReference = 740D9B62F8B340B51191D283 /* Pods-SchibstedTests.debug.xcconfig */;
			buildSettings = {
				ALWAYS_EMBED_SWIFT_STANDARD_LIBRARIES = YES;
				BUNDLE_LOADER = "$(TEST_HOST)";
				CODE_SIGN_STYLE = Automatic;
				DEVELOPMENT_TEAM = 245FL8M245;
				INFOPLIST_FILE = SchibstedTests/Info.plist;
				IPHONEOS_DEPLOYMENT_TARGET = 13.2;
				LD_RUNPATH_SEARCH_PATHS = (
					"$(inherited)",
					"@executable_path/Frameworks",
					"@loader_path/Frameworks",
				);
				PRODUCT_BUNDLE_IDENTIFIER = odetAlexandre.SchibstedTests;
				PRODUCT_NAME = "$(TARGET_NAME)";
				SWIFT_VERSION = 5.0;
				TARGETED_DEVICE_FAMILY = "1,2";
				TEST_HOST = "$(BUILT_PRODUCTS_DIR)/Schibsted.app/Schibsted";
			};
			name = Debug;
		};
		FAFB83BC23BE140A00B1B524 /* Release */ = {
			isa = XCBuildConfiguration;
			baseConfigurationReference = F32F8D3941A2295DF1989EBE /* Pods-SchibstedTests.release.xcconfig */;
			buildSettings = {
				ALWAYS_EMBED_SWIFT_STANDARD_LIBRARIES = YES;
				BUNDLE_LOADER = "$(TEST_HOST)";
				CODE_SIGN_STYLE = Automatic;
				DEVELOPMENT_TEAM = 245FL8M245;
				INFOPLIST_FILE = SchibstedTests/Info.plist;
				IPHONEOS_DEPLOYMENT_TARGET = 13.2;
				LD_RUNPATH_SEARCH_PATHS = (
					"$(inherited)",
					"@executable_path/Frameworks",
					"@loader_path/Frameworks",
				);
				PRODUCT_BUNDLE_IDENTIFIER = odetAlexandre.SchibstedTests;
				PRODUCT_NAME = "$(TARGET_NAME)";
				SWIFT_VERSION = 5.0;
				TARGETED_DEVICE_FAMILY = "1,2";
				TEST_HOST = "$(BUILT_PRODUCTS_DIR)/Schibsted.app/Schibsted";
			};
			name = Release;
		};
/* End XCBuildConfiguration section */

/* Begin XCConfigurationList section */
		FAFB839323BE140900B1B524 /* Build configuration list for PBXProject "Schibsted" */ = {
			isa = XCConfigurationList;
			buildConfigurations = (
				FAFB83B523BE140A00B1B524 /* Debug */,
				FAFB83B623BE140A00B1B524 /* Release */,
			);
			defaultConfigurationIsVisible = 0;
			defaultConfigurationName = Release;
		};
		FAFB83B723BE140A00B1B524 /* Build configuration list for PBXNativeTarget "Schibsted" */ = {
			isa = XCConfigurationList;
			buildConfigurations = (
				FAFB83B823BE140A00B1B524 /* Debug */,
				FAFB83B923BE140A00B1B524 /* Release */,
			);
			defaultConfigurationIsVisible = 0;
			defaultConfigurationName = Release;
		};
		FAFB83BA23BE140A00B1B524 /* Build configuration list for PBXNativeTarget "SchibstedTests" */ = {
			isa = XCConfigurationList;
			buildConfigurations = (
				FAFB83BB23BE140A00B1B524 /* Debug */,
				FAFB83BC23BE140A00B1B524 /* Release */,
			);
			defaultConfigurationIsVisible = 0;
			defaultConfigurationName = Release;
		};
/* End XCConfigurationList section */
	};
	rootObject = FAFB839023BE140900B1B524 /* Project object */;
}
